{
  "locks": [
    {
      "item": "layer:leadership",
      "vcs": null,
      "url": "https://git.launchpad.net/layer-leadership",
      "branch": "cc5bd3f49b2fa5e6c3ab2336763c313ec8bf083f",
      "type": "layer",
      "commit": "cc5bd3f49b2fa5e6c3ab2336763c313ec8bf083f"
    },
    {
      "item": "layer:options",
      "vcs": null,
      "url": "https://github.com/juju-solutions/layer-options.git",
      "type": "layer",
      "branch": "fcdcea4e5de3e1556c24e6704607862d0ba00a56",
      "commit": "fcdcea4e5de3e1556c24e6704607862d0ba00a56"
    },
    {
      "item": "layer:basic",
      "vcs": null,
      "url": "https://github.com/juju-solutions/layer-basic.git",
      "type": "layer",
      "branch": "a3ff62c32c993d80417f6e093e3ef95e42f62083",
      "commit": "a3ff62c32c993d80417f6e093e3ef95e42f62083"
    },
    {
      "item": "layer:openstack",
      "vcs": null,
      "url": "https://github.com/openstack/charm-layer-openstack",
      "type": "layer",
      "branch": "5999eeaa5d007b6ae8dc12753976ef11f76684ee",
      "commit": "5999eeaa5d007b6ae8dc12753976ef11f76684ee"
    },
    {
      "item": "layer:openstack-principle",
      "vcs": null,
      "url": "https://github.com/openstack/charm-layer-openstack-principle",
      "type": "layer",
      "branch": "8100de4b24ab361423363c75599124708169d871",
      "commit": "8100de4b24ab361423363c75599124708169d871"
    },
    {
      "item": "layer:openstack-api",
      "vcs": null,
      "url": "https://github.com/openstack/charm-layer-openstack-api",
      "type": "layer",
      "branch": "34311a62e963d0ce903b7ddb9d70b8f071f71651",
      "commit": "34311a62e963d0ce903b7ddb9d70b8f071f71651"
    },
    {
      "item": "octavia",
      "vcs": null,
      "url": null,
      "type": "layer",
      "branch": "07f19fb8f2a76cf507ba2fd553861e97cf3b3149",
      "commit": "07f19fb8f2a76cf507ba2fd553861e97cf3b3149"
    },
    {
      "item": "interface:tls-certificates",
      "vcs": null,
      "url": "https://github.com/juju-solutions/interface-tls-certificates",
      "type": "layer",
      "branch": "d9850016d930a6d507b9fd45e2598d327922b140",
      "commit": "d9850016d930a6d507b9fd45e2598d327922b140"
    },
    {
      "item": "interface:mysql-shared",
      "vcs": null,
      "url": "https://github.com/openstack/charm-interface-mysql-shared",
      "type": "layer",
      "branch": "06675c43c9f48ffa98b2abf2ddca137f8d18f31c",
      "commit": "06675c43c9f48ffa98b2abf2ddca137f8d18f31c"
    },
    {
      "item": "interface:rabbitmq",
      "vcs": null,
      "url": "https://github.com/openstack/charm-interface-rabbitmq",
      "type": "layer",
      "branch": "383121fc584d2d3bf9d233eba0d3708398a4c468",
      "commit": "383121fc584d2d3bf9d233eba0d3708398a4c468"
    },
    {
      "item": "interface:keystone",
      "vcs": null,
      "url": "https://github.com/openstack/charm-interface-keystone",
      "type": "layer",
      "branch": "a48a1e826ac0a74ab05a16c441cda4e4b34b1241",
      "commit": "a48a1e826ac0a74ab05a16c441cda4e4b34b1241"
    },
    {
      "item": "interface:hacluster",
      "vcs": null,
      "url": "https://github.com/openstack/charm-interface-hacluster.git",
      "type": "layer",
      "branch": "8125a7baecccf9b0869e515b92300dde3a86f31b",
      "commit": "8125a7baecccf9b0869e515b92300dde3a86f31b"
    },
    {
      "item": "interface:openstack-ha",
      "vcs": null,
      "url": "https://github.com/openstack/charm-interface-openstack-ha",
      "type": "layer",
      "branch": "a3b00e5b5fd857d130698c5cfe4b918877f0ab80",
      "commit": "a3b00e5b5fd857d130698c5cfe4b918877f0ab80"
    },
    {
      "item": "interface:neutron-load-balancer",
      "vcs": null,
      "url": "https://github.com/openstack/charm-interface-neutron-load-balancer.git",
      "type": "layer",
      "branch": "94897d4743e56ec647fb81cccf2807b091123e21",
      "commit": "94897d4743e56ec647fb81cccf2807b091123e21"
    },
    {
      "item": "interface:neutron-plugin",
      "vcs": null,
      "url": "https://github.com/openstack/charm-interface-neutron-plugin",
      "type": "layer",
      "branch": "677f1a666ad8935c31fa5c0cb228c46aa5b80ea1",
      "commit": "677f1a666ad8935c31fa5c0cb228c46aa5b80ea1"
    },
    {
      "item": "interface:ovsdb-subordinate",
      "vcs": null,
      "url": "https://opendev.org/x/charm-interface-ovsdb.git",
      "type": "layer",
      "branch": "55e82469e841aa2e9acac3a8940077ea8d42b150",
      "commit": "55e82469e841aa2e9acac3a8940077ea8d42b150"
    },
    {
      "item": "interface:ovsdb-cms",
      "vcs": null,
      "url": "https://opendev.org/x/charm-interface-ovsdb.git",
      "type": "layer",
      "branch": "55e82469e841aa2e9acac3a8940077ea8d42b150",
      "commit": "55e82469e841aa2e9acac3a8940077ea8d42b150"
    },
    {
      "type": "layer",
      "item": "interface:nrpe-external-master",
      "url": "https://github.com/canonical/nrpe-external-master-interface",
      "vcs": null,
      "branch": "95d744d1dbc4d86fb0462283c9371619bf5bbc24",
      "commit": "95d744d1dbc4d86fb0462283c9371619bf5bbc24"
    },
    {
      "vcs": null,
      "type": "python_module",
      "package": "oslo.versionedobjects",
      "version": "1.37.0"
    },
    {
      "vcs": null,
      "type": "python_module",
      "package": "jsonpointer",
      "version": "2.1"
    },
    {
      "vcs": null,
      "type": "python_module",
      "package": "wrapt",
      "version": "1.13.2"
    },
    {
      "vcs": null,
      "type": "python_module",
      "package": "setuptools_scm",
      "version": "3.4.1"
    },
    {
      "vcs": null,
      "type": "python_module",
      "package": "iso8601",
      "version": "0.1.16"
    },
    {
      "vcs": null,
      "type": "python_module",
      "package": "jsonpatch",
      "version": "1.32"
    },
    {
      "vcs": null,
      "type": "python_module",
      "package": "oslo.middleware",
      "version": "3.38.1"
    },
    {
      "vcs": null,
      "type": "python_module",
      "package": "pyaml",
      "version": "21.10.1"
    },
    {
      "vcs": null,
      "type": "python_module",
      "package": "idna",
      "version": "2.10"
    },
    {
      "vcs": null,
      "type": "python_module",
      "package": "osprofiler",
      "version": "2.9.0"
    },
    {
      "vcs": null,
      "type": "python_module",
      "package": "beautifulsoup4",
      "version": "4.10.0"
    },
    {
      "vcs": null,
      "type": "python_module",
      "package": "rfc3986",
      "version": "1.5.0"
    },
    {
      "vcs": null,
      "type": "python_module",
      "package": "oslo.db",
      "version": "6.0.0"
    },
    {
      "vcs": null,
      "type": "python_module",
      "package": "dogpile.cache",
      "version": "0.9.2"
    },
    {
      "vcs": null,
      "type": "python_module",
      "package": "tenacity",
      "version": "7.0.0"
    },
    {
      "vcs": null,
      "type": "python_module",
      "package": "testtools",
      "version": "2.5.0"
    },
    {
      "vcs": null,
      "type": "python_module",
      "package": "keystoneauth1",
      "version": "4.1.0"
    },
    {
      "vcs": null,
      "type": "python_module",
      "package": "jmespath",
      "version": "0.10.0"
    },
    {
      "vcs": null,
      "type": "python_module",
      "package": "WebTest",
      "version": "2.0.35"
    },
    {
      "vcs": null,
      "type": "python_module",
      "package": "sqlalchemy-migrate",
      "version": "0.13.0"
    },
    {
      "vcs": null,
      "type": "python_module",
      "package": "WebOb",
      "version": "1.8.7"
    },
    {
      "vcs": null,
      "type": "python_module",
      "package": "os-ken",
      "version": "0.4.1"
    },
    {
      "vcs": null,
      "type": "python_module",
      "package": "oslo.log",
      "version": "3.45.2"
    },
    {
      "vcs": null,
      "type": "python_module",
      "package": "simplejson",
      "version": "3.17.5"
    },
    {
      "vcs": null,
      "type": "python_module",
      "package": "oslo.config",
      "version": "7.0.0"
    },
    {
      "vcs": null,
      "type": "python_module",
      "package": "futurist",
      "version": "1.10.0"
    },
    {
      "vcs": null,
      "type": "python_module",
      "package": "oslo.concurrency",
      "version": "3.31.0"
    },
    {
      "vcs": null,
      "type": "python_module",
      "package": "vine",
      "version": "1.3.0"
    },
    {
      "vcs": null,
      "type": "python_module",
      "package": "neutron-lib",
      "version": "1.31.0"
    },
    {
      "vcs": null,
      "type": "python_module",
      "package": "certifi",
      "version": "2021.10.8"
    },
    {
      "vcs": null,
      "type": "python_module",
      "package": "oslo.serialization",
      "version": "2.29.3"
    },
    {
      "vcs": null,
      "type": "python_module",
      "package": "pyinotify",
      "version": "0.9.6"
    },
    {
      "vcs": null,
      "type": "python_module",
      "package": "testscenarios",
      "version": "0.5.0"
    },
    {
      "vcs": null,
      "type": "python_module",
      "package": "ovs",
      "version": "2.13.3"
    },
    {
      "vcs": null,
      "type": "python_module",
      "package": "sortedcontainers",
      "version": "2.4.0"
    },
    {
      "vcs": null,
      "type": "python_module",
      "package": "sqlparse",
      "version": "0.4.2"
    },
    {
      "vcs": null,
      "type": "python_module",
      "package": "pytz",
      "version": "2021.3"
    },
    {
      "vcs": "git",
      "url": "git+https://github.com/openstack/charms.openstack.git",
      "package": "charms.openstack",
      "branch": "stable/train",
      "version": "10627ee5f991c268f174d6d100e218a0e1867af1",
      "type": "python_module"
    },
    {
      "vcs": null,
      "type": "python_module",
      "package": "waitress",
      "version": "1.4.4"
    },
    {
      "vcs": null,
      "type": "python_module",
      "package": "psutil",
      "version": "5.8.0"
    },
    {
      "vcs": null,
      "type": "python_module",
      "package": "Babel",
      "version": "2.9.1"
    },
    {
      "vcs": null,
      "type": "python_module",
      "package": "cryptography",
      "version": "2.3.1"
    },
    {
      "vcs": null,
      "type": "python_module",
      "package": "pip",
      "version": "18.1"
    },
    {
      "vcs": null,
      "type": "python_module",
      "package": "PasteDeploy",
      "version": "2.1.1"
    },
    {
      "vcs": null,
      "type": "python_module",
      "package": "cliff",
      "version": "3.1.0"
    },
    {
      "vcs": null,
      "type": "python_module",
      "package": "osc-lib",
      "version": "2.0.0"
    },
    {
      "vcs": null,
      "type": "python_module",
      "package": "repoze.lru",
      "version": "0.7"
    },
    {
      "vcs": null,
      "type": "python_module",
      "package": "extras",
      "version": "1.0.0"
    },
    {
      "vcs": null,
      "type": "python_module",
      "package": "SQLAlchemy",
      "version": "1.3.24"
    },
    {
      "vcs": null,
      "type": "python_module",
      "package": "pyparsing",
      "version": "2.4.2"
    },
    {
      "vcs": null,
      "type": "python_module",
      "package": "pytest-runner",
      "version": "5.2"
    },
    {
      "vcs": null,
      "type": "python_module",
      "package": "testresources",
      "version": "2.0.1"
    },
    {
      "vcs": null,
      "type": "python_module",
      "package": "PyYAML",
      "version": "5.2"
    },
    {
      "vcs": null,
      "type": "python_module",
      "package": "MarkupSafe",
      "version": "1.1.1"
    },
    {
      "vcs": null,
      "type": "python_module",
      "package": "munch",
      "version": "2.5.0"
    },
    {
      "vcs": "git",
      "url": "git+https://github.com/juju/charm-helpers.git",
      "package": "charmhelpers",
      "branch": "stable/train",
      "version": "13fc2babe1999df87aaf149c549d8140289837a3",
      "type": "python_module"
    },
    {
      "vcs": null,
      "type": "python_module",
      "package": "oslo.service",
      "version": "1.41.1"
    },
    {
      "vcs": null,
      "type": "python_module",
      "package": "pycparser",
      "version": "2.20"
    },
    {
      "vcs": null,
      "type": "python_module",
      "package": "setuptools",
      "version": "41.6.0"
    },
    {
      "vcs": null,
      "type": "python_module",
      "package": "kombu",
      "version": "4.6.11"
    },
    {
      "vcs": null,
      "type": "python_module",
      "package": "urllib3",
      "version": "1.26.7"
    },
    {
      "vcs": null,
      "type": "python_module",
      "package": "wcwidth",
      "version": "0.2.5"
    },
    {
      "vcs": null,
      "type": "python_module",
      "package": "python-dateutil",
      "version": "2.8.2"
    },
    {
      "vcs": null,
      "type": "python_module",
      "package": "alembic",
      "version": "1.4.3"
    },
    {
      "vcs": null,
      "type": "python_module",
      "package": "Paste",
      "version": "3.5.0"
    },
    {
      "vcs": null,
      "type": "python_module",
      "package": "python-editor",
      "version": "1.0.4"
    },
    {
      "vcs": null,
      "type": "python_module",
      "package": "os-client-config",
      "version": "2.1.0"
    },
    {
      "vcs": null,
      "type": "python_module",
      "package": "chardet",
      "version": "4.0.0"
    },
    {
      "vcs": null,
      "type": "python_module",
      "package": "fasteners",
      "version": "0.16.3"
    },
    {
      "vcs": null,
      "type": "python_module",
      "package": "charms.reactive",
      "version": "1.4.1"
    },
    {
      "vcs": null,
      "type": "python_module",
      "package": "toml",
      "version": "0.10.2"
    },
    {
      "vcs": null,
      "type": "python_module",
      "package": "requestsexceptions",
      "version": "1.4.0"
    },
    {
      "vcs": null,
      "type": "python_module",
      "package": "tinyrpc",
      "version": "1.1.2"
    },
    {
      "vcs": null,
      "type": "python_module",
      "package": "oslo.i18n",
      "version": "3.25.1"
    },
    {
      "vcs": null,
      "type": "python_module",
      "package": "cffi",
      "version": "1.15.0"
    },
    {
      "vcs": null,
      "type": "python_module",
      "package": "requests",
      "version": "2.25.1"
    },
    {
      "vcs": null,
      "type": "python_module",
      "package": "os-traits",
      "version": "2.2.0"
    },
    {
      "vcs": null,
      "type": "python_module",
      "package": "netaddr",
      "version": "0.7.19"
    },
    {
      "vcs": null,
      "type": "python_module",
      "package": "netifaces",
      "version": "0.11.0"
    },
    {
      "vcs": null,
      "type": "python_module",
      "package": "yappi",
      "version": "1.3.3"
    },
    {
      "vcs": null,
      "type": "python_module",
      "package": "pbr",
      "version": "5.6.0"
    },
    {
      "vcs": null,
      "type": "python_module",
      "package": "openstacksdk",
      "version": "0.47.0"
    },
    {
      "vcs": null,
      "type": "python_module",
      "package": "amqp",
      "version": "2.6.1"
    },
    {
      "vcs": null,
      "type": "python_module",
      "package": "appdirs",
      "version": "1.4.4"
    },
    {
      "vcs": null,
      "type": "python_module",
      "package": "pyperclip",
      "version": "1.8.2"
    },
    {
      "vcs": null,
      "type": "python_module",
      "package": "zipp",
      "version": "1.2.0"
    },
    {
      "vcs": null,
      "type": "python_module",
      "package": "stevedore",
      "version": "1.32.0"
    },
    {
      "vcs": null,
      "type": "python_module",
      "package": "os-service-types",
      "version": "1.7.0"
    },
    {
      "vcs": null,
      "type": "python_module",
      "package": "decorator",
      "version": "5.1.0"
    },
    {
      "vcs": null,
      "type": "python_module",
      "package": "debtcollector",
      "version": "1.22.0"
    },
    {
      "vcs": null,
      "type": "python_module",
      "package": "python-keystoneclient",
      "version": "3.22.0"
    },
    {
      "vcs": null,
      "type": "python_module",
      "package": "Mako",
      "version": "1.1.5"
    },
    {
      "vcs": null,
      "type": "python_module",
      "package": "statsd",
      "version": "3.3.0"
    },
    {
      "vcs": null,
      "type": "python_module",
      "package": "pecan",
      "version": "1.4.0"
    },
    {
      "vcs": null,
      "type": "python_module",
      "package": "fixtures",
      "version": "3.0.0"
    },
    {
      "vcs": null,
      "type": "python_module",
      "package": "oslo.utils",
      "version": "3.42.1"
    },
    {
      "vcs": null,
      "type": "python_module",
      "package": "dnspython",
      "version": "1.16.0"
    },
    {
      "vcs": null,
      "type": "python_module",
      "package": "eventlet",
      "version": "0.32.0"
    },
    {
      "vcs": null,
      "type": "python_module",
      "package": "soupsieve",
      "version": "2.1"
    },
    {
      "vcs": null,
      "type": "python_module",
      "package": "importlib_metadata",
      "version": "2.1.1"
    },
    {
      "vcs": null,
      "type": "python_module",
      "package": "python-neutronclient",
      "version": "7.1.0"
    },
    {
      "vcs": null,
      "type": "python_module",
      "package": "Routes",
      "version": "2.5.1"
    },
    {
      "vcs": null,
      "type": "python_module",
      "package": "setproctitle",
      "version": "1.1.10"
    },
    {
      "vcs": null,
      "type": "python_module",
      "package": "prettytable",
      "version": "0.7.2"
    },
    {
      "vcs": null,
      "type": "python_module",
      "package": "python-novaclient",
      "version": "16.0.0"
    },
    {
      "vcs": null,
      "type": "python_module",
      "package": "Jinja2",
      "version": "2.10.1"
    },
    {
      "vcs": null,
      "type": "python_module",
      "package": "oslo.messaging",
      "version": "10.5.0"
    },
    {
      "vcs": null,
      "type": "python_module",
      "package": "greenlet",
      "version": "1.1.2"
    },
    {
      "vcs": null,
      "type": "python_module",
      "package": "oslo.policy",
      "version": "2.4.1"
    },
    {
      "vcs": null,
      "type": "python_module",
      "package": "cachetools",
      "version": "4.2.1"
    },
    {
      "vcs": null,
      "type": "python_module",
      "package": "wheel",
      "version": "0.33.6"
    },
    {
      "vcs": null,
      "type": "python_module",
      "package": "oslo.context",
      "version": "2.23.1"
    },
    {
      "vcs": null,
      "type": "python_module",
      "package": "msgpack",
      "version": "1.0.2"
    },
    {
      "vcs": null,
      "type": "python_module",
      "package": "cmd2",
      "version": "0.8.9"
    },
    {
      "vcs": null,
      "type": "python_module",
      "package": "logutils",
      "version": "0.3.5"
    },
    {
      "vcs": null,
      "type": "python_module",
      "package": "six",
      "version": "1.16.0"
    },
    {
      "type": "python_module",
      "package": "Cython",
      "vcs": null,
      "version": "0.29.36"
    }
  ]
}